Microsoft Visual Studio Solution File, Format Version 12.00
# Visual Studio Version 17
VisualStudioVersion = 17.5.2.0
MinimumVisualStudioVersion = 10.0.40219.1
Project("{FAE04EC0-301F-11D3-BF4B-00C04F79EFBC}") = "Honeyspur", "Honeyspur.csproj", "{7E530C48-1E1A-3C54-5167-5A346EFD786C}"
EndProject
Global
	GlobalSection(SolutionConfigurationPlatforms) = preSolution
		Debug|Any CPU = Debug|Any CPU
		Release|Any CPU = Release|Any CPU
	EndGlobalSection
	GlobalSection(ProjectConfigurationPlatforms) = postSolution
		{7E530C48-1E1A-3C54-5167-5A346EFD786C}.Debug|Any CPU.ActiveCfg = Debug|Any CPU
		{7E530C48-1E1A-3C54-5167-5A346EFD786C}.Debug|Any CPU.Build.0 = Debug|Any CPU
		{7E530C48-1E1A-3C54-5167-5A346EFD786C}.Release|Any CPU.ActiveCfg = Release|Any CPU
		{7E530C48-1E1A-3C54-5167-5A346EFD786C}.Release|Any CPU.Build.0 = Release|Any CPU
	EndGlobalSection
	GlobalSection(SolutionProperties) = preSolution
		HideSolutionNode = FALSE
	EndGlobalSection
	GlobalSection(ExtensibilityGlobals) = postSolution
		SolutionGuid = {113934F7-4236-4247-AE0E-F4F54E00EC81}
	EndGlobalSection
EndGlobal
